
Microsoft Visual Studio Solution File, Format Version 12.00
# Visual Studio Version 16
VisualStudioVersion = 16.0.30907.101
MinimumVisualStudioVersion = 10.0.40219.1
Project("{FAE04EC0-301F-11D3-BF4B-00C04F79EFBC}") = "ResponsiveTasks", "ResponsiveTasks.csproj", "{EAF60AFF-1345-4138-B616-DAF36CB50B20}"
EndProject
Global
	GlobalSection(SolutionConfigurationPlatforms) = preSolution
		Debug|Any CPU = Debug|Any CPU
		Release|Any CPU = Release|Any CPU
	EndGlobalSection
	GlobalSection(ProjectConfigurationPlatforms) = postSolution
		{EAF60AFF-1345-4138-B616-DAF36CB50B20}.Debug|Any CPU.ActiveCfg = Debug|Any CPU
		{EAF60AFF-1345-4138-B616-DAF36CB50B20}.Debug|Any CPU.Build.0 = Debug|Any CPU
		{EAF60AFF-1345-4138-B616-DAF36CB50B20}.Release|Any CPU.ActiveCfg = Release|Any CPU
		{EAF60AFF-1345-4138-B616-DAF36CB50B20}.Release|Any CPU.Build.0 = Release|Any CPU
	EndGlobalSection
	GlobalSection(SolutionProperties) = preSolution
		HideSolutionNode = FALSE
	EndGlobalSection
	GlobalSection(ExtensibilityGlobals) = postSolution
		SolutionGuid = {EA12EDF3-7862-4AA9-B1D9-1DD61C9F2492}
	EndGlobalSection
EndGlobal
